PODS:
  - AFNetworking (2.6.3):
    - AFNetworking/NSURLConnection (= 2.6.3)
    - AFNetworking/NSURLSession (= 2.6.3)
    - AFNetworking/Reachability (= 2.6.3)
    - AFNetworking/Security (= 2.6.3)
    - AFNetworking/Serialization (= 2.6.3)
    - AFNetworking/UIKit (= 2.6.3)
  - AFNetworking/NSURLConnection (2.6.3):
    - AFNetworking/Reachability
    - AFNetworking/Security
    - AFNetworking/Serialization
  - AFNetworking/NSURLSession (2.6.3):
    - AFNetworking/Reachability
    - AFNetworking/Security
    - AFNetworking/Serialization
  - AFNetworking/Reachability (2.6.3)
  - AFNetworking/Security (2.6.3)
  - AFNetworking/Serialization (2.6.3)
  - AFNetworking/UIKit (2.6.3):
    - AFNetworking/NSURLConnection
    - AFNetworking/NSURLSession
  - CYLTabBarController (1.0.7)
  - FMDB (2.6):
    - FMDB/standard (= 2.6)
  - FMDB/standard (2.6)
  - JGProgressHUD (1.3.1)
  - Masonry (0.6.4)
  - MGSwipeTableCell (1.5.3)
  - MJExtension (3.0.10)
  - MJRefresh (3.1.0)
  - ReactiveCocoa (2.5):
    - ReactiveCocoa/UI (= 2.5)
  - ReactiveCocoa/Core (2.5):
    - ReactiveCocoa/no-arc
  - ReactiveCocoa/no-arc (2.5)
  - ReactiveCocoa/UI (2.5):
    - ReactiveCocoa/Core
  - SDWebImage (3.7.5):
    - SDWebImage/Core (= 3.7.5)
  - SDWebImage/Core (3.7.5)
  - SVProgressHUD (1.1.3)
  - TYAttributedLabel (2.5.6)
  - Wonderful (1.1.0)
  - YYKit (0.9.11):
    - YYKit/no-arc (= 0.9.11)
  - YYKit/no-arc (0.9.11)

DEPENDENCIES:
  - AFNetworking (~> 2.6.3)
  - CYLTabBarController
  - FMDB
  - JGProgressHUD
  - Masonry
  - MGSwipeTableCell
  - MJExtension
  - MJRefresh
  - ReactiveCocoa
  - SDWebImage
  - SVProgressHUD
  - TYAttributedLabel
  - Wonderful
  - YYKit

SPEC CHECKSUMS:
  AFNetworking: cb8d14a848e831097108418f5d49217339d4eb60
  CYLTabBarController: 03c1a4c8e3bcae75cac3d22e1ca7bbe2cb7b7c77
  FMDB: c1968bab3ab0aed38f66cb778ae1e7fa9a652b6e
  JGProgressHUD: 153053a21d81208cb5f659691996bcefce6a9885
  Masonry: 281802d04d787ea2973179ee8bcb50500579ede2
  MGSwipeTableCell: 5ae3b9a15efda26b201adc8676b24040febe6ff6
  MJExtension: d86aacb740c87519d20e3cca55b6fa4be6cc7548
  MJRefresh: 743e6404967d1c2c688472ea3ecfde247d872db4
  ReactiveCocoa: e2db045570aa97c695e7aa97c2bcab222ae51f4a
  SDWebImage: 69c6303e3348fba97e03f65d65d4fbc26740f461
  SVProgressHUD: 748080e4f36e603f6c02aec292664239df5279c1
  TYAttributedLabel: 251d4cb2bf35813815d0ad632b3e56ba626c6b01
  Wonderful: 0b300deeacedff9a72525143d14eff4193c23d07
  YYKit: 76c3f2cee1a72d3c5b1d7fd8d170ee507fe5df68

COCOAPODS: 0.39.0
