// !$*UTF8*$!
{
	archiveVersion = 1;
	classes = {
	};
	objectVersion = 46;
	objects = {

/* Begin PBXBuildFile section */
		6A5733931CCF6D5A00202256 /* main.m in Sources */ = {isa = PBXBuildFile; fileRef = 6A5733921CCF6D5A00202256 /* main.m */; };
		6A5733961CCF6D5A00202256 /* AppDelegate.m in Sources */ = {isa = PBXBuildFile; fileRef = 6A5733951CCF6D5A00202256 /* AppDelegate.m */; };
		6A5733991CCF6D5A00202256 /* ViewController.m in Sources */ = {isa = PBXBuildFile; fileRef = 6A5733981CCF6D5A00202256 /* ViewController.m */; };
		6A57339C1CCF6D5A00202256 /* Main.storyboard in Resources */ = {isa = PBXBuildFile; fileRef = 6A57339A1CCF6D5A00202256 /* Main.storyboard */; };
		6A57339E1CCF6D5B00202256 /* Assets.xcassets in Resources */ = {isa = PBXBuildFile; fileRef = 6A57339D1CCF6D5B00202256 /* Assets.xcassets */; };
		6A5733A11CCF6D5B00202256 /* LaunchScreen.storyboard in Resources */ = {isa = PBXBuildFile; fileRef = 6A57339F1CCF6D5B00202256 /* LaunchScreen.storyboard */; };
		6AD52D5E1CD0BF6C00207D23 /* CostomPickerView.m in Sources */ = {isa = PBXBuildFile; fileRef = 6AD52D5C1CD0BF6C00207D23 /* CostomPickerView.m */; };
		6AD52D5F1CD0BF6C00207D23 /* CostomPickerView.xib in Resources */ = {isa = PBXBuildFile; fileRef = 6AD52D5D1CD0BF6C00207D23 /* CostomPickerView.xib */; };
		6AD52D6A1CD0BF9E00207D23 /* ZLGlobal.m in Sources */ = {isa = PBXBuildFile; fileRef = 6AD52D621CD0BF9E00207D23 /* ZLGlobal.m */; };
		6AD52D6B1CD0BF9E00207D23 /* ZLNetworkManager.m in Sources */ = {isa = PBXBuildFile; fileRef = 6AD52D641CD0BF9E00207D23 /* ZLNetworkManager.m */; };
		6AD52D6C1CD0BF9E00207D23 /* ZLUserInfo.m in Sources */ = {isa = PBXBuildFile; fileRef = 6AD52D661CD0BF9E00207D23 /* ZLUserInfo.m */; };
		6AD52D6D1CD0BF9E00207D23 /* ZLLogin.storyboard in Resources */ = {isa = PBXBuildFile; fileRef = 6AD52D681CD0BF9E00207D23 /* ZLLogin.storyboard */; };
		6AD52D791CD0BFBE00207D23 /* Plan in Resources */ = {isa = PBXBuildFile; fileRef = 6AD52D701CD0BFBE00207D23 /* Plan */; };
		6AD52D7A1CD0BFBE00207D23 /* ZLCheckSecurityCodeVc.m in Sources */ = {isa = PBXBuildFile; fileRef = 6AD52D751CD0BFBE00207D23 /* ZLCheckSecurityCodeVc.m */; };
		6AD52D7B1CD0BFBE00207D23 /* ZLMainLoginViewController.m in Sources */ = {isa = PBXBuildFile; fileRef = 6AD52D771CD0BFBE00207D23 /* ZLMainLoginViewController.m */; };
		DEA8EFBC198F5306FF87411E /* libPods.a in Frameworks */ = {isa = PBXBuildFile; fileRef = 25F6952E7470A261D32E444E /* libPods.a */; };
/* End PBXBuildFile section */

/* Begin PBXFileReference section */
		25F6952E7470A261D32E444E /* libPods.a */ = {isa = PBXFileReference; explicitFileType = archive.ar; includeInIndex = 0; path = libPods.a; sourceTree = BUILT_PRODUCTS_DIR; };
		6A57338E1CCF6D5A00202256 /* ZLDisucssBar.app */ = {isa = PBXFileReference; explicitFileType = wrapper.application; includeInIndex = 0; path = ZLDisucssBar.app; sourceTree = BUILT_PRODUCTS_DIR; };
		6A5733921CCF6D5A00202256 /* main.m */ = {isa = PBXFileReference; lastKnownFileType = sourcecode.c.objc; path = main.m; sourceTree = "<group>"; };
		6A5733941CCF6D5A00202256 /* AppDelegate.h */ = {isa = PBXFileReference; lastKnownFileType = sourcecode.c.h; name = AppDelegate.h; path = ../ZLDisucssBar/AppDelegate.h; sourceTree = "<group>"; };
		6A5733951CCF6D5A00202256 /* AppDelegate.m */ = {isa = PBXFileReference; lastKnownFileType = sourcecode.c.objc; name = AppDelegate.m; path = ../ZLDisucssBar/AppDelegate.m; sourceTree = "<group>"; };
		6A5733971CCF6D5A00202256 /* ViewController.h */ = {isa = PBXFileReference; lastKnownFileType = sourcecode.c.h; name = ViewController.h; path = ../ZLDisucssBar/ViewController.h; sourceTree = "<group>"; };
		6A5733981CCF6D5A00202256 /* ViewController.m */ = {isa = PBXFileReference; lastKnownFileType = sourcecode.c.objc; name = ViewController.m; path = ../ZLDisucssBar/ViewController.m; sourceTree = "<group>"; };
		6A57339B1CCF6D5A00202256 /* Base */ = {isa = PBXFileReference; lastKnownFileType = file.storyboard; name = Base; path = Base.lproj/Main.storyboard; sourceTree = "<group>"; };
		6A57339D1CCF6D5B00202256 /* Assets.xcassets */ = {isa = PBXFileReference; lastKnownFileType = folder.assetcatalog; name = Assets.xcassets; path = ../ZLDisucssBar/Assets.xcassets; sourceTree = "<group>"; };
		6A5733A01CCF6D5B00202256 /* Base */ = {isa = PBXFileReference; lastKnownFileType = file.storyboard; name = Base; path = Base.lproj/LaunchScreen.storyboard; sourceTree = "<group>"; };
		6A5733A21CCF6D5B00202256 /* Info.plist */ = {isa = PBXFileReference; lastKnownFileType = text.plist.xml; name = Info.plist; path = ../ZLDisucssBar/Info.plist; sourceTree = "<group>"; };
		6AD52D5B1CD0BF6C00207D23 /* CostomPickerView.h */ = {isa = PBXFileReference; fileEncoding = 4; lastKnownFileType = sourcecode.c.h; path = CostomPickerView.h; sourceTree = "<group>"; };
		6AD52D5C1CD0BF6C00207D23 /* CostomPickerView.m */ = {isa = PBXFileReference; fileEncoding = 4; lastKnownFileType = sourcecode.c.objc; path = CostomPickerView.m; sourceTree = "<group>"; };
		6AD52D5D1CD0BF6C00207D23 /* CostomPickerView.xib */ = {isa = PBXFileReference; fileEncoding = 4; lastKnownFileType = file.xib; path = CostomPickerView.xib; sourceTree = "<group>"; };
		6AD52D611CD0BF9E00207D23 /* ZLGlobal.h */ = {isa = PBXFileReference; fileEncoding = 4; lastKnownFileType = sourcecode.c.h; path = ZLGlobal.h; sourceTree = "<group>"; };
		6AD52D621CD0BF9E00207D23 /* ZLGlobal.m */ = {isa = PBXFileReference; fileEncoding = 4; lastKnownFileType = sourcecode.c.objc; path = ZLGlobal.m; sourceTree = "<group>"; };
		6AD52D631CD0BF9E00207D23 /* ZLNetworkManager.h */ = {isa = PBXFileReference; fileEncoding = 4; lastKnownFileType = sourcecode.c.h; path = ZLNetworkManager.h; sourceTree = "<group>"; };
		6AD52D641CD0BF9E00207D23 /* ZLNetworkManager.m */ = {isa = PBXFileReference; fileEncoding = 4; lastKnownFileType = sourcecode.c.objc; path = ZLNetworkManager.m; sourceTree = "<group>"; };
		6AD52D651CD0BF9E00207D23 /* ZLUserInfo.h */ = {isa = PBXFileReference; fileEncoding = 4; lastKnownFileType = sourcecode.c.h; path = ZLUserInfo.h; sourceTree = "<group>"; };
		6AD52D661CD0BF9E00207D23 /* ZLUserInfo.m */ = {isa = PBXFileReference; fileEncoding = 4; lastKnownFileType = sourcecode.c.objc; path = ZLUserInfo.m; sourceTree = "<group>"; };
		6AD52D681CD0BF9E00207D23 /* ZLLogin.storyboard */ = {isa = PBXFileReference; fileEncoding = 4; lastKnownFileType = file.storyboard; path = ZLLogin.storyboard; sourceTree = "<group>"; };
		6AD52D6F1CD0BFBE00207D23 /* Macros.h */ = {isa = PBXFileReference; fileEncoding = 4; lastKnownFileType = sourcecode.c.h; path = Macros.h; sourceTree = "<group>"; };
		6AD52D701CD0BFBE00207D23 /* Plan */ = {isa = PBXFileReference; fileEncoding = 4; lastKnownFileType = text; path = Plan; sourceTree = "<group>"; };
		6AD52D711CD0BFBE00207D23 /* PrefixHeader.pch */ = {isa = PBXFileReference; fileEncoding = 4; lastKnownFileType = sourcecode.c.h; path = PrefixHeader.pch; sourceTree = "<group>"; };
		6AD52D741CD0BFBE00207D23 /* ZLCheckSecurityCodeVc.h */ = {isa = PBXFileReference; fileEncoding = 4; lastKnownFileType = sourcecode.c.h; path = ZLCheckSecurityCodeVc.h; sourceTree = "<group>"; };
		6AD52D751CD0BFBE00207D23 /* ZLCheckSecurityCodeVc.m */ = {isa = PBXFileReference; fileEncoding = 4; lastKnownFileType = sourcecode.c.objc; path = ZLCheckSecurityCodeVc.m; sourceTree = "<group>"; };
		6AD52D761CD0BFBE00207D23 /* ZLMainLoginViewController.h */ = {isa = PBXFileReference; fileEncoding = 4; lastKnownFileType = sourcecode.c.h; path = ZLMainLoginViewController.h; sourceTree = "<group>"; };
		6AD52D771CD0BFBE00207D23 /* ZLMainLoginViewController.m */ = {isa = PBXFileReference; fileEncoding = 4; lastKnownFileType = sourcecode.c.objc; path = ZLMainLoginViewController.m; sourceTree = "<group>"; };
		A46DC721D06C2CACD76BA209 /* Pods.debug.xcconfig */ = {isa = PBXFileReference; includeInIndex = 1; lastKnownFileType = text.xcconfig; name = Pods.debug.xcconfig; path = "Pods/Target Support Files/Pods/Pods.debug.xcconfig"; sourceTree = "<group>"; };
		FE22E2889640E3BC978B20CD /* Pods.release.xcconfig */ = {isa = PBXFileReference; includeInIndex = 1; lastKnownFileType = text.xcconfig; name = Pods.release.xcconfig; path = "Pods/Target Support Files/Pods/Pods.release.xcconfig"; sourceTree = "<group>"; };
/* End PBXFileReference section */

/* Begin PBXFrameworksBuildPhase section */
		6A57338B1CCF6D5A00202256 /* Frameworks */ = {
			isa = PBXFrameworksBuildPhase;
			buildActionMask = 2147483647;
			files = (
				DEA8EFBC198F5306FF87411E /* libPods.a in Frameworks */,
			);
			runOnlyForDeploymentPostprocessing = 0;
		};
/* End PBXFrameworksBuildPhase section */

/* Begin PBXGroup section */
		03E6A10C6D88D5B7AFF0D1FC /* Frameworks */ = {
			isa = PBXGroup;
			children = (
				25F6952E7470A261D32E444E /* libPods.a */,
			);
			name = Frameworks;
			sourceTree = "<group>";
		};
		6A12C0471CCF76A000E519DD /* System */ = {
			isa = PBXGroup;
			children = (
				6A5733941CCF6D5A00202256 /* AppDelegate.h */,
				6A5733951CCF6D5A00202256 /* AppDelegate.m */,
				6A5733971CCF6D5A00202256 /* ViewController.h */,
				6A5733981CCF6D5A00202256 /* ViewController.m */,
				6A57339A1CCF6D5A00202256 /* Main.storyboard */,
				6A57339D1CCF6D5B00202256 /* Assets.xcassets */,
				6A57339F1CCF6D5B00202256 /* LaunchScreen.storyboard */,
				6A5733A21CCF6D5B00202256 /* Info.plist */,
				6A5733911CCF6D5A00202256 /* Supporting Files */,
			);
			path = System;
			sourceTree = "<group>";
		};
		6A5733851CCF6D5A00202256 = {
			isa = PBXGroup;
			children = (
				6A5733901CCF6D5A00202256 /* ZLDisucssBar */,
				6A12C0471CCF76A000E519DD /* System */,
				6A57338F1CCF6D5A00202256 /* Products */,
				D315C42866980BE2F7EEE2A1 /* Pods */,
				03E6A10C6D88D5B7AFF0D1FC /* Frameworks */,
			);
			sourceTree = "<group>";
		};
		6A57338F1CCF6D5A00202256 /* Products */ = {
			isa = PBXGroup;
			children = (
				6A57338E1CCF6D5A00202256 /* ZLDisucssBar.app */,
			);
			name = Products;
			sourceTree = "<group>";
		};
		6A5733901CCF6D5A00202256 /* ZLDisucssBar */ = {
			isa = PBXGroup;
			children = (
				6AD52D601CD0BF9E00207D23 /* Store */,
				6AD52D6E1CD0BFBE00207D23 /* Deploy */,
				6AD52D691CD0BF9E00207D23 /* Model */,
				6AD52D591CD0BF6C00207D23 /* Views */,
				6AD52D721CD0BFBE00207D23 /* Controllers */,
				6AD52D671CD0BF9E00207D23 /* InterFace */,
				6AD52D781CD0BFBE00207D23 /* HtmlCorrelation */,
				6AD52D7C1CD0BFFA00207D23 /* Resource */,
			);
			path = ZLDisucssBar;
			sourceTree = "<group>";
		};
		6A5733911CCF6D5A00202256 /* Supporting Files */ = {
			isa = PBXGroup;
			children = (
				6A5733921CCF6D5A00202256 /* main.m */,
			);
			name = "Supporting Files";
			path = ../ZLDisucssBar;
			sourceTree = "<group>";
		};
		6AD52D591CD0BF6C00207D23 /* Views */ = {
			isa = PBXGroup;
			children = (
				6AD52D5A1CD0BF6C00207D23 /* ConstomControlViews */,
			);
			path = Views;
			sourceTree = "<group>";
		};
		6AD52D5A1CD0BF6C00207D23 /* ConstomControlViews */ = {
			isa = PBXGroup;
			children = (
				6AD52D5B1CD0BF6C00207D23 /* CostomPickerView.h */,
				6AD52D5C1CD0BF6C00207D23 /* CostomPickerView.m */,
				6AD52D5D1CD0BF6C00207D23 /* CostomPickerView.xib */,
			);
			path = ConstomControlViews;
			sourceTree = "<group>";
		};
		6AD52D601CD0BF9E00207D23 /* Store */ = {
			isa = PBXGroup;
			children = (
				6AD52D611CD0BF9E00207D23 /* ZLGlobal.h */,
				6AD52D621CD0BF9E00207D23 /* ZLGlobal.m */,
				6AD52D631CD0BF9E00207D23 /* ZLNetworkManager.h */,
				6AD52D641CD0BF9E00207D23 /* ZLNetworkManager.m */,
				6AD52D651CD0BF9E00207D23 /* ZLUserInfo.h */,
				6AD52D661CD0BF9E00207D23 /* ZLUserInfo.m */,
			);
			path = Store;
			sourceTree = "<group>";
		};
		6AD52D671CD0BF9E00207D23 /* InterFace */ = {
			isa = PBXGroup;
			children = (
				6AD52D681CD0BF9E00207D23 /* ZLLogin.storyboard */,
			);
			path = InterFace;
			sourceTree = "<group>";
		};
		6AD52D691CD0BF9E00207D23 /* Model */ = {
			isa = PBXGroup;
			children = (
			);
			path = Model;
			sourceTree = "<group>";
		};
		6AD52D6E1CD0BFBE00207D23 /* Deploy */ = {
			isa = PBXGroup;
			children = (
				6AD52D6F1CD0BFBE00207D23 /* Macros.h */,
				6AD52D701CD0BFBE00207D23 /* Plan */,
				6AD52D711CD0BFBE00207D23 /* PrefixHeader.pch */,
			);
			path = Deploy;
			sourceTree = "<group>";
		};
		6AD52D721CD0BFBE00207D23 /* Controllers */ = {
			isa = PBXGroup;
			children = (
				6AD52D731CD0BFBE00207D23 /* Login */,
			);
			path = Controllers;
			sourceTree = "<group>";
		};
		6AD52D731CD0BFBE00207D23 /* Login */ = {
			isa = PBXGroup;
			children = (
				6AD52D741CD0BFBE00207D23 /* ZLCheckSecurityCodeVc.h */,
				6AD52D751CD0BFBE00207D23 /* ZLCheckSecurityCodeVc.m */,
				6AD52D761CD0BFBE00207D23 /* ZLMainLoginViewController.h */,
				6AD52D771CD0BFBE00207D23 /* ZLMainLoginViewController.m */,
			);
			path = Login;
			sourceTree = "<group>";
		};
		6AD52D781CD0BFBE00207D23 /* HtmlCorrelation */ = {
			isa = PBXGroup;
			children = (
			);
			path = HtmlCorrelation;
			sourceTree = "<group>";
		};
		6AD52D7C1CD0BFFA00207D23 /* Resource */ = {
			isa = PBXGroup;
			children = (
			);
			path = Resource;
			sourceTree = "<group>";
		};
		D315C42866980BE2F7EEE2A1 /* Pods */ = {
			isa = PBXGroup;
			children = (
				A46DC721D06C2CACD76BA209 /* Pods.debug.xcconfig */,
				FE22E2889640E3BC978B20CD /* Pods.release.xcconfig */,
			);
			name = Pods;
			sourceTree = "<group>";
		};
/* End PBXGroup section */

/* Begin PBXNativeTarget section */
		6A57338D1CCF6D5A00202256 /* ZLDisucssBar */ = {
			isa = PBXNativeTarget;
			buildConfigurationList = 6A5733A51CCF6D5B00202256 /* Build configuration list for PBXNativeTarget "ZLDisucssBar" */;
			buildPhases = (
				6E23DDB0BF22FF7698D8385C /* Check Pods Manifest.lock */,
				6A57338A1CCF6D5A00202256 /* Sources */,
				6A57338B1CCF6D5A00202256 /* Frameworks */,
				6A57338C1CCF6D5A00202256 /* Resources */,
				43D12417CC76501F5DEB5132 /* Embed Pods Frameworks */,
				58ECBCE81D96E886D8D5BA59 /* Copy Pods Resources */,
			);
			buildRules = (
			);
			dependencies = (
			);
			name = ZLDisucssBar;
			productName = ZLDisucssBar;
			productReference = 6A57338E1CCF6D5A00202256 /* ZLDisucssBar.app */;
			productType = "com.apple.product-type.application";
		};
/* End PBXNativeTarget section */

/* Begin PBXProject section */
		6A5733861CCF6D5A00202256 /* Project object */ = {
			isa = PBXProject;
			attributes = {
				CLASSPREFIX = ZL;
				LastUpgradeCheck = 0730;
				ORGANIZATIONNAME = llisent;
				TargetAttributes = {
					6A57338D1CCF6D5A00202256 = {
						CreatedOnToolsVersion = 7.3;
						DevelopmentTeam = V3SQ37KR96;
					};
				};
			};
			buildConfigurationList = 6A5733891CCF6D5A00202256 /* Build configuration list for PBXProject "ZLDisucssBar" */;
			compatibilityVersion = "Xcode 3.2";
			developmentRegion = English;
			hasScannedForEncodings = 0;
			knownRegions = (
				en,
				Base,
			);
			mainGroup = 6A5733851CCF6D5A00202256;
			productRefGroup = 6A57338F1CCF6D5A00202256 /* Products */;
			projectDirPath = "";
			projectRoot = "";
			targets = (
				6A57338D1CCF6D5A00202256 /* ZLDisucssBar */,
			);
		};
/* End PBXProject section */

/* Begin PBXResourcesBuildPhase section */
		6A57338C1CCF6D5A00202256 /* Resources */ = {
			isa = PBXResourcesBuildPhase;
			buildActionMask = 2147483647;
			files = (
				6A5733A11CCF6D5B00202256 /* LaunchScreen.storyboard in Resources */,
				6A57339E1CCF6D5B00202256 /* Assets.xcassets in Resources */,
				6AD52D6D1CD0BF9E00207D23 /* ZLLogin.storyboard in Resources */,
				6AD52D791CD0BFBE00207D23 /* Plan in Resources */,
				6A57339C1CCF6D5A00202256 /* Main.storyboard in Resources */,
				6AD52D5F1CD0BF6C00207D23 /* CostomPickerView.xib in Resources */,
			);
			runOnlyForDeploymentPostprocessing = 0;
		};
/* End PBXResourcesBuildPhase section */

/* Begin PBXShellScriptBuildPhase section */
		43D12417CC76501F5DEB5132 /* Embed Pods Frameworks */ = {
			isa = PBXShellScriptBuildPhase;
			buildActionMask = 2147483647;
			files = (
			);
			inputPaths = (
			);
			name = "Embed Pods Frameworks";
			outputPaths = (
			);
			runOnlyForDeploymentPostprocessing = 0;
			shellPath = /bin/sh;
			shellScript = "\"${SRCROOT}/Pods/Target Support Files/Pods/Pods-frameworks.sh\"\n";
			showEnvVarsInLog = 0;
		};
		58ECBCE81D96E886D8D5BA59 /* Copy Pods Resources */ = {
			isa = PBXShellScriptBuildPhase;
			buildActionMask = 2147483647;
			files = (
			);
			inputPaths = (
			);
			name = "Copy Pods Resources";
			outputPaths = (
			);
			runOnlyForDeploymentPostprocessing = 0;
			shellPath = /bin/sh;
			shellScript = "\"${SRCROOT}/Pods/Target Support Files/Pods/Pods-resources.sh\"\n";
			showEnvVarsInLog = 0;
		};
		6E23DDB0BF22FF7698D8385C /* Check Pods Manifest.lock */ = {
			isa = PBXShellScriptBuildPhase;
			buildActionMask = 2147483647;
			files = (
			);
			inputPaths = (
			);
			name = "Check Pods Manifest.lock";
			outputPaths = (
			);
			runOnlyForDeploymentPostprocessing = 0;
			shellPath = /bin/sh;
			shellScript = "diff \"${PODS_ROOT}/../Podfile.lock\" \"${PODS_ROOT}/Manifest.lock\" > /dev/null\nif [[ $? != 0 ]] ; then\n    cat << EOM\nerror: The sandbox is not in sync with the Podfile.lock. Run 'pod install' or update your CocoaPods installation.\nEOM\n    exit 1\nfi\n";
			showEnvVarsInLog = 0;
		};
/* End PBXShellScriptBuildPhase section */

/* Begin PBXSourcesBuildPhase section */
		6A57338A1CCF6D5A00202256 /* Sources */ = {
			isa = PBXSourcesBuildPhase;
			buildActionMask = 2147483647;
			files = (
				6AD52D6B1CD0BF9E00207D23 /* ZLNetworkManager.m in Sources */,
				6AD52D6C1CD0BF9E00207D23 /* ZLUserInfo.m in Sources */,
				6A5733991CCF6D5A00202256 /* ViewController.m in Sources */,
				6A5733961CCF6D5A00202256 /* AppDelegate.m in Sources */,
				6AD52D7B1CD0BFBE00207D23 /* ZLMainLoginViewController.m in Sources */,
				6AD52D5E1CD0BF6C00207D23 /* CostomPickerView.m in Sources */,
				6AD52D6A1CD0BF9E00207D23 /* ZLGlobal.m in Sources */,
				6AD52D7A1CD0BFBE00207D23 /* ZLCheckSecurityCodeVc.m in Sources */,
				6A5733931CCF6D5A00202256 /* main.m in Sources */,
			);
			runOnlyForDeploymentPostprocessing = 0;
		};
/* End PBXSourcesBuildPhase section */

/* Begin PBXVariantGroup section */
		6A57339A1CCF6D5A00202256 /* Main.storyboard */ = {
			isa = PBXVariantGroup;
			children = (
				6A57339B1CCF6D5A00202256 /* Base */,
			);
			name = Main.storyboard;
			path = ../ZLDisucssBar;
			sourceTree = "<group>";
		};
		6A57339F1CCF6D5B00202256 /* LaunchScreen.storyboard */ = {
			isa = PBXVariantGroup;
			children = (
				6A5733A01CCF6D5B00202256 /* Base */,
			);
			name = LaunchScreen.storyboard;
			path = ../ZLDisucssBar;
			sourceTree = "<group>";
		};
/* End PBXVariantGroup section */

/* Begin XCBuildConfiguration section */
		6A5733A31CCF6D5B00202256 /* Debug */ = {
			isa = XCBuildConfiguration;
			buildSettings = {
				ALWAYS_SEARCH_USER_PATHS = NO;
				CLANG_ANALYZER_NONNULL = YES;
				CLANG_CXX_LANGUAGE_STANDARD = "gnu++0x";
				CLANG_CXX_LIBRARY = "libc++";
				CLANG_ENABLE_MODULES = YES;
				CLANG_ENABLE_OBJC_ARC = YES;
				CLANG_WARN_BOOL_CONVERSION = YES;
				CLANG_WARN_CONSTANT_CONVERSION = YES;
				CLANG_WARN_DIRECT_OBJC_ISA_USAGE = YES_ERROR;
				CLANG_WARN_EMPTY_BODY = YES;
				CLANG_WARN_ENUM_CONVERSION = YES;
				CLANG_WARN_INT_CONVERSION = YES;
				CLANG_WARN_OBJC_ROOT_CLASS = YES_ERROR;
				CLANG_WARN_UNREACHABLE_CODE = YES;
				CLANG_WARN__DUPLICATE_METHOD_MATCH = YES;
				"CODE_SIGN_IDENTITY[sdk=iphoneos*]" = "iPhone Developer";
				COPY_PHASE_STRIP = NO;
				DEBUG_INFORMATION_FORMAT = dwarf;
				ENABLE_STRICT_OBJC_MSGSEND = YES;
				ENABLE_TESTABILITY = YES;
				GCC_C_LANGUAGE_STANDARD = gnu99;
				GCC_DYNAMIC_NO_PIC = NO;
				GCC_NO_COMMON_BLOCKS = YES;
				GCC_OPTIMIZATION_LEVEL = 0;
				GCC_PREPROCESSOR_DEFINITIONS = (
					"DEBUG=1",
					"$(inherited)",
				);
				GCC_WARN_64_TO_32_BIT_CONVERSION = YES;
				GCC_WARN_ABOUT_RETURN_TYPE = YES_ERROR;
				GCC_WARN_UNDECLARED_SELECTOR = YES;
				GCC_WARN_UNINITIALIZED_AUTOS = YES_AGGRESSIVE;
				GCC_WARN_UNUSED_FUNCTION = YES;
				GCC_WARN_UNUSED_VARIABLE = YES;
				IPHONEOS_DEPLOYMENT_TARGET = 9.3;
				MTL_ENABLE_DEBUG_INFO = YES;
				ONLY_ACTIVE_ARCH = YES;
				SDKROOT = iphoneos;
			};
			name = Debug;
		};
		6A5733A41CCF6D5B00202256 /* Release */ = {
			isa = XCBuildConfiguration;
			buildSettings = {
				ALWAYS_SEARCH_USER_PATHS = NO;
				CLANG_ANALYZER_NONNULL = YES;
				CLANG_CXX_LANGUAGE_STANDARD = "gnu++0x";
				CLANG_CXX_LIBRARY = "libc++";
				CLANG_ENABLE_MODULES = YES;
				CLANG_ENABLE_OBJC_ARC = YES;
				CLANG_WARN_BOOL_CONVERSION = YES;
				CLANG_WARN_CONSTANT_CONVERSION = YES;
				CLANG_WARN_DIRECT_OBJC_ISA_USAGE = YES_ERROR;
				CLANG_WARN_EMPTY_BODY = YES;
				CLANG_WARN_ENUM_CONVERSION = YES;
				CLANG_WARN_INT_CONVERSION = YES;
				CLANG_WARN_OBJC_ROOT_CLASS = YES_ERROR;
				CLANG_WARN_UNREACHABLE_CODE = YES;
				CLANG_WARN__DUPLICATE_METHOD_MATCH = YES;
				"CODE_SIGN_IDENTITY[sdk=iphoneos*]" = "iPhone Developer";
				COPY_PHASE_STRIP = NO;
				DEBUG_INFORMATION_FORMAT = "dwarf-with-dsym";
				ENABLE_NS_ASSERTIONS = NO;
				ENABLE_STRICT_OBJC_MSGSEND = YES;
				GCC_C_LANGUAGE_STANDARD = gnu99;
				GCC_NO_COMMON_BLOCKS = YES;
				GCC_WARN_64_TO_32_BIT_CONVERSION = YES;
				GCC_WARN_ABOUT_RETURN_TYPE = YES_ERROR;
				GCC_WARN_UNDECLARED_SELECTOR = YES;
				GCC_WARN_UNINITIALIZED_AUTOS = YES_AGGRESSIVE;
				GCC_WARN_UNUSED_FUNCTION = YES;
				GCC_WARN_UNUSED_VARIABLE = YES;
				IPHONEOS_DEPLOYMENT_TARGET = 9.3;
				MTL_ENABLE_DEBUG_INFO = NO;
				SDKROOT = iphoneos;
				VALIDATE_PRODUCT = YES;
			};
			name = Release;
		};
		6A5733A61CCF6D5B00202256 /* Debug */ = {
			isa = XCBuildConfiguration;
			baseConfigurationReference = A46DC721D06C2CACD76BA209 /* Pods.debug.xcconfig */;
			buildSettings = {
				ASSETCATALOG_COMPILER_APPICON_NAME = AppIcon;
				CODE_SIGN_IDENTITY = "iPhone Developer";
				"CODE_SIGN_IDENTITY[sdk=iphoneos*]" = "iPhone Developer";
				GCC_PREFIX_HEADER = "$(SRCROOT)/ZLDisucssBar/Deploy/prefixHeader.pch";
				INFOPLIST_FILE = ZLDisucssBar/Info.plist;
				IPHONEOS_DEPLOYMENT_TARGET = 7.0;
				LD_RUNPATH_SEARCH_PATHS = "$(inherited) @executable_path/Frameworks";
				PRODUCT_BUNDLE_IDENTIFIER = cc.51ios.ZLDisucssBar;
				PRODUCT_NAME = "$(TARGET_NAME)";
				PROVISIONING_PROFILE = "";
			};
			name = Debug;
		};
		6A5733A71CCF6D5B00202256 /* Release */ = {
			isa = XCBuildConfiguration;
			baseConfigurationReference = FE22E2889640E3BC978B20CD /* Pods.release.xcconfig */;
			buildSettings = {
				ASSETCATALOG_COMPILER_APPICON_NAME = AppIcon;
				CODE_SIGN_IDENTITY = "iPhone Developer";
				"CODE_SIGN_IDENTITY[sdk=iphoneos*]" = "iPhone Developer";
				GCC_PREFIX_HEADER = "$(SRCROOT)/ZLDisucssBar/Deploy/prefixHeader.pch";
				INFOPLIST_FILE = ZLDisucssBar/Info.plist;
				IPHONEOS_DEPLOYMENT_TARGET = 7.0;
				LD_RUNPATH_SEARCH_PATHS = "$(inherited) @executable_path/Frameworks";
				PRODUCT_BUNDLE_IDENTIFIER = cc.51ios.ZLDisucssBar;
				PRODUCT_NAME = "$(TARGET_NAME)";
				PROVISIONING_PROFILE = "";
			};
			name = Release;
		};
/* End XCBuildConfiguration section */

/* Begin XCConfigurationList section */
		6A5733891CCF6D5A00202256 /* Build configuration list for PBXProject "ZLDisucssBar" */ = {
			isa = XCConfigurationList;
			buildConfigurations = (
				6A5733A31CCF6D5B00202256 /* Debug */,
				6A5733A41CCF6D5B00202256 /* Release */,
			);
			defaultConfigurationIsVisible = 0;
			defaultConfigurationName = Release;
		};
		6A5733A51CCF6D5B00202256 /* Build configuration list for PBXNativeTarget "ZLDisucssBar" */ = {
			isa = XCConfigurationList;
			buildConfigurations = (
				6A5733A61CCF6D5B00202256 /* Debug */,
				6A5733A71CCF6D5B00202256 /* Release */,
			);
			defaultConfigurationIsVisible = 0;
			defaultConfigurationName = Release;
		};
/* End XCConfigurationList section */
	};
	rootObject = 6A5733861CCF6D5A00202256 /* Project object */;
}
